
Microsoft Visual Studio Solution File, Format Version 12.00
# Visual Studio Version 16
VisualStudioVersion = 16.0.29306.81
MinimumVisualStudioVersion = 10.0.40219.1
Project("{FAE04EC0-301F-11D3-BF4B-00C04F79EFBC}") = "MobileBackend", "MobileBackend\MobileBackend.csproj", "{1E896559-C632-4E50-AD50-C50D1196BAB1}"
EndProject
Global
	GlobalSection(SolutionConfigurationPlatforms) = preSolution
		Debug|Any CPU = Debug|Any CPU
		Release|Any CPU = Release|Any CPU
	EndGlobalSection
	GlobalSection(ProjectConfigurationPlatforms) = postSolution
		{1E896559-C632-4E50-AD50-C50D1196BAB1}.Debug|Any CPU.ActiveCfg = Debug|Any CPU
		{1E896559-C632-4E50-AD50-C50D1196BAB1}.Debug|Any CPU.Build.0 = Debug|Any CPU
		{1E896559-C632-4E50-AD50-C50D1196BAB1}.Release|Any CPU.ActiveCfg = Release|Any CPU
		{1E896559-C632-4E50-AD50-C50D1196BAB1}.Release|Any CPU.Build.0 = Release|Any CPU
	EndGlobalSection
	GlobalSection(SolutionProperties) = preSolution
		HideSolutionNode = FALSE
	EndGlobalSection
	GlobalSection(ExtensibilityGlobals) = postSolution
		SolutionGuid = {53F040A1-15A8-4442-9A0F-8B680D988BF6}
	EndGlobalSection
EndGlobal
