
Microsoft Visual Studio Solution File, Format Version 12.00
# Visual Studio 15
VisualStudioVersion = 15.0.26228.4
MinimumVisualStudioVersion = 10.0.40219.1
Project("{FAE04EC0-301F-11D3-BF4B-00C04F79EFBC}") = "CORMobileApp", "CORMobileApp\CORMobileApp\CORMobileApp.csproj", "{17EC7B0B-453A-44AE-9664-AFEE9CD53800}"
EndProject
Project("{FAE04EC0-301F-11D3-BF4B-00C04F79EFBC}") = "CORMobileApp.Android", "CORMobileApp\CORMobileApp.Android\CORMobileApp.Android.csproj", "{88905606-8117-4686-A2F4-FCEA1BDE0706}"
EndProject
Project("{FAE04EC0-301F-11D3-BF4B-00C04F79EFBC}") = "CORMobileApp.iOS", "CORMobileApp\CORMobileApp.iOS\CORMobileApp.iOS.csproj", "{594917FF-8249-411A-B5CE-06F4017EA1CF}"
EndProject
Global
	GlobalSection(SolutionConfigurationPlatforms) = preSolution
		Debug|Any CPU = Debug|Any CPU
		Debug|iPhone = Debug|iPhone
		Debug|iPhoneSimulator = Debug|iPhoneSimulator
		Release|Any CPU = Release|Any CPU
		Release|iPhone = Release|iPhone
		Release|iPhoneSimulator = Release|iPhoneSimulator
	EndGlobalSection
	GlobalSection(ProjectConfigurationPlatforms) = postSolution
		{17EC7B0B-453A-44AE-9664-AFEE9CD53800}.Debug|Any CPU.ActiveCfg = Debug|Any CPU
		{17EC7B0B-453A-44AE-9664-AFEE9CD53800}.Debug|Any CPU.Build.0 = Debug|Any CPU
		{17EC7B0B-453A-44AE-9664-AFEE9CD53800}.Debug|iPhone.ActiveCfg = Debug|Any CPU
		{17EC7B0B-453A-44AE-9664-AFEE9CD53800}.Debug|iPhone.Build.0 = Debug|Any CPU
		{17EC7B0B-453A-44AE-9664-AFEE9CD53800}.Debug|iPhoneSimulator.ActiveCfg = Debug|Any CPU
		{17EC7B0B-453A-44AE-9664-AFEE9CD53800}.Debug|iPhoneSimulator.Build.0 = Debug|Any CPU
		{17EC7B0B-453A-44AE-9664-AFEE9CD53800}.Release|Any CPU.ActiveCfg = Release|Any CPU
		{17EC7B0B-453A-44AE-9664-AFEE9CD53800}.Release|Any CPU.Build.0 = Release|Any CPU
		{17EC7B0B-453A-44AE-9664-AFEE9CD53800}.Release|iPhone.ActiveCfg = Release|Any CPU
		{17EC7B0B-453A-44AE-9664-AFEE9CD53800}.Release|iPhone.Build.0 = Release|Any CPU
		{17EC7B0B-453A-44AE-9664-AFEE9CD53800}.Release|iPhoneSimulator.ActiveCfg = Release|Any CPU
		{17EC7B0B-453A-44AE-9664-AFEE9CD53800}.Release|iPhoneSimulator.Build.0 = Release|Any CPU
		{88905606-8117-4686-A2F4-FCEA1BDE0706}.Debug|Any CPU.ActiveCfg = Debug|Any CPU
		{88905606-8117-4686-A2F4-FCEA1BDE0706}.Debug|Any CPU.Build.0 = Debug|Any CPU
		{88905606-8117-4686-A2F4-FCEA1BDE0706}.Debug|Any CPU.Deploy.0 = Debug|Any CPU
		{88905606-8117-4686-A2F4-FCEA1BDE0706}.Debug|iPhone.ActiveCfg = Debug|Any CPU
		{88905606-8117-4686-A2F4-FCEA1BDE0706}.Debug|iPhone.Build.0 = Debug|Any CPU
		{88905606-8117-4686-A2F4-FCEA1BDE0706}.Debug|iPhone.Deploy.0 = Debug|Any CPU
		{88905606-8117-4686-A2F4-FCEA1BDE0706}.Debug|iPhoneSimulator.ActiveCfg = Debug|Any CPU
		{88905606-8117-4686-A2F4-FCEA1BDE0706}.Debug|iPhoneSimulator.Build.0 = Debug|Any CPU
		{88905606-8117-4686-A2F4-FCEA1BDE0706}.Debug|iPhoneSimulator.Deploy.0 = Debug|Any CPU
		{88905606-8117-4686-A2F4-FCEA1BDE0706}.Release|Any CPU.ActiveCfg = Release|Any CPU
		{88905606-8117-4686-A2F4-FCEA1BDE0706}.Release|Any CPU.Build.0 = Release|Any CPU
		{88905606-8117-4686-A2F4-FCEA1BDE0706}.Release|Any CPU.Deploy.0 = Release|Any CPU
		{88905606-8117-4686-A2F4-FCEA1BDE0706}.Release|iPhone.ActiveCfg = Release|Any CPU
		{88905606-8117-4686-A2F4-FCEA1BDE0706}.Release|iPhone.Build.0 = Release|Any CPU
		{88905606-8117-4686-A2F4-FCEA1BDE0706}.Release|iPhone.Deploy.0 = Release|Any CPU
		{88905606-8117-4686-A2F4-FCEA1BDE0706}.Release|iPhoneSimulator.ActiveCfg = Release|Any CPU
		{88905606-8117-4686-A2F4-FCEA1BDE0706}.Release|iPhoneSimulator.Build.0 = Release|Any CPU
		{88905606-8117-4686-A2F4-FCEA1BDE0706}.Release|iPhoneSimulator.Deploy.0 = Release|Any CPU
		{594917FF-8249-411A-B5CE-06F4017EA1CF}.Debug|Any CPU.ActiveCfg = Debug|iPhone
		{594917FF-8249-411A-B5CE-06F4017EA1CF}.Debug|iPhone.ActiveCfg = Debug|iPhone
		{594917FF-8249-411A-B5CE-06F4017EA1CF}.Debug|iPhone.Build.0 = Debug|iPhone
		{594917FF-8249-411A-B5CE-06F4017EA1CF}.Debug|iPhoneSimulator.ActiveCfg = Debug|iPhoneSimulator
		{594917FF-8249-411A-B5CE-06F4017EA1CF}.Debug|iPhoneSimulator.Build.0 = Debug|iPhoneSimulator
		{594917FF-8249-411A-B5CE-06F4017EA1CF}.Release|Any CPU.ActiveCfg = Release|iPhone
		{594917FF-8249-411A-B5CE-06F4017EA1CF}.Release|iPhone.ActiveCfg = Release|iPhone
		{594917FF-8249-411A-B5CE-06F4017EA1CF}.Release|iPhone.Build.0 = Release|iPhone
		{594917FF-8249-411A-B5CE-06F4017EA1CF}.Release|iPhoneSimulator.ActiveCfg = Release|iPhoneSimulator
		{594917FF-8249-411A-B5CE-06F4017EA1CF}.Release|iPhoneSimulator.Build.0 = Release|iPhoneSimulator
	EndGlobalSection
	GlobalSection(SolutionProperties) = preSolution
		HideSolutionNode = FALSE
	EndGlobalSection
EndGlobal
